
Microsoft Visual Studio Solution File, Format Version 12.00
# Visual Studio 15
VisualStudioVersion = 15.0.28307.902
MinimumVisualStudioVersion = 10.0.40219.1
Project("{FAE04EC0-301F-11D3-BF4B-00C04F79EFBC}") = "AnaloqSaat", "AnaloqSaat\AnaloqSaat.csproj", "{9C0E620A-F623-4913-8602-6A38A3F88A64}"
EndProject
Project("{FAE04EC0-301F-11D3-BF4B-00C04F79EFBC}") = "AnaloqSaat2", "AnaloqSaat2\AnaloqSaat2.csproj", "{8AC56428-7E80-4FD8-8CBB-509300B9B9CF}"
EndProject
Global
	GlobalSection(SolutionConfigurationPlatforms) = preSolution
		Debug|Any CPU = Debug|Any CPU
		Release|Any CPU = Release|Any CPU
	EndGlobalSection
	GlobalSection(ProjectConfigurationPlatforms) = postSolution
		{9C0E620A-F623-4913-8602-6A38A3F88A64}.Debug|Any CPU.ActiveCfg = Debug|Any CPU
		{9C0E620A-F623-4913-8602-6A38A3F88A64}.Debug|Any CPU.Build.0 = Debug|Any CPU
		{9C0E620A-F623-4913-8602-6A38A3F88A64}.Release|Any CPU.ActiveCfg = Release|Any CPU
		{9C0E620A-F623-4913-8602-6A38A3F88A64}.Release|Any CPU.Build.0 = Release|Any CPU
		{8AC56428-7E80-4FD8-8CBB-509300B9B9CF}.Debug|Any CPU.ActiveCfg = Debug|Any CPU
		{8AC56428-7E80-4FD8-8CBB-509300B9B9CF}.Debug|Any CPU.Build.0 = Debug|Any CPU
		{8AC56428-7E80-4FD8-8CBB-509300B9B9CF}.Release|Any CPU.ActiveCfg = Release|Any CPU
		{8AC56428-7E80-4FD8-8CBB-509300B9B9CF}.Release|Any CPU.Build.0 = Release|Any CPU
	EndGlobalSection
	GlobalSection(SolutionProperties) = preSolution
		HideSolutionNode = FALSE
	EndGlobalSection
	GlobalSection(ExtensibilityGlobals) = postSolution
		SolutionGuid = {9BA3CCDD-65A4-43E5-9ED2-8017FA9CA6A5}
	EndGlobalSection
EndGlobal
